{
    "name": "cdkworkshop.com",
    "version": "0.1.0",
    "lockfileVersion": 1,
    "requires": true,
    "dependencies": {
        "@types/node": {
            "version": "18.7.13",
            "resolved": "https://registry.npmjs.org/@types/node/-/node-18.7.13.tgz",
            "integrity": "sha512-46yIhxSe5xEaJZXWdIBP7GU4HDTG8/eo0qd9atdiL+lFpA03y8KS+lkTN834TWJj5767GbWv4n/P6efyTFt1Dw==",
            "dev": true
        },
        "aws-cdk": {
            "version": "2.39.0",
            "resolved": "https://registry.npmjs.org/aws-cdk/-/aws-cdk-2.39.0.tgz",
            "integrity": "sha512-qoezvJBLSLuUWioxVbxJU8n2BmZH05D9n/b9dgA6pcldchGK+xxvRzWNI2G/nmrT+l5AyPWxq7u0WbmOge6zrw==",
            "dev": true,
            "requires": {
                "fsevents": "2.3.2"
            }
        },
        "aws-cdk-lib": {
            "version": "2.39.0",
            "resolved": "https://registry.npmjs.org/aws-cdk-lib/-/aws-cdk-lib-2.39.0.tgz",
            "integrity": "sha512-YhXSE6bGS8hQxYygftp3VbaFEz19wl4B1tUAjKjW1rNs3ZpNGnW6o1AVA3Yuc5DlaELrIjXxF0/f+5SvSpYkTA==",
            "requires": {
                "@balena/dockerignore": "^1.0.2",
                "case": "1.6.3",
                "fs-extra": "^9.1.0",
                "ignore": "^5.2.0",
                "jsonschema": "^1.4.1",
                "minimatch": "^3.1.2",
                "punycode": "^2.1.1",
                "semver": "^7.3.7",
                "yaml": "1.10.2"
            },
            "dependencies": {
                "@balena/dockerignore": {
                    "version": "1.0.2",
                    "bundled": true
                },
                "at-least-node": {
                    "version": "1.0.0",
                    "bundled": true
                },
                "balanced-match": {
                    "version": "1.0.2",
                    "bundled": true
                },
                "brace-expansion": {
                    "version": "1.1.11",
                    "bundled": true,
                    "requires": {
                        "balanced-match": "^1.0.0",
                        "concat-map": "0.0.1"
                    }
                },
                "case": {
                    "version": "1.6.3",
                    "bundled": true
                },
                "concat-map": {
                    "version": "0.0.1",
                    "bundled": true
                },
                "fs-extra": {
                    "version": "9.1.0",
                    "bundled": true,
                    "requires": {
                        "at-least-node": "^1.0.0",
                        "graceful-fs": "^4.2.0",
                        "jsonfile": "^6.0.1",
                        "universalify": "^2.0.0"
                    }
                },
                "graceful-fs": {
                    "version": "4.2.10",
                    "bundled": true
                },
                "ignore": {
                    "version": "5.2.0",
                    "bundled": true
                },
                "jsonfile": {
                    "version": "6.1.0",
                    "bundled": true,
                    "requires": {
                        "graceful-fs": "^4.1.6",
                        "universalify": "^2.0.0"
                    }
                },
                "jsonschema": {
                    "version": "1.4.1",
                    "bundled": true
                },
                "lru-cache": {
                    "version": "6.0.0",
                    "bundled": true,
                    "requires": {
                        "yallist": "^4.0.0"
                    }
                },
                "minimatch": {
                    "version": "3.1.2",
                    "bundled": true,
                    "requires": {
                        "brace-expansion": "^1.1.7"
                    }
                },
                "punycode": {
                    "version": "2.1.1",
                    "bundled": true
                },
                "semver": {
                    "version": "7.3.7",
                    "bundled": true,
                    "requires": {
                        "lru-cache": "^6.0.0"
                    }
                },
                "universalify": {
                    "version": "2.0.0",
                    "bundled": true
                },
                "yallist": {
                    "version": "4.0.0",
                    "bundled": true
                },
                "yaml": {
                    "version": "1.10.2",
                    "bundled": true
                }
            }
        },
        "constructs": {
            "version": "10.1.90",
            "resolved": "https://registry.npmjs.org/constructs/-/constructs-10.1.90.tgz",
            "integrity": "sha512-Ml8OpG1TheafXy4tYW2NhIc9T7gkMK0vQnd3JyhA69+8PUD834EjZznbzyYLaAplwNjn2p32t58bkgzPeLTrRg=="
        },
        "fsevents": {
            "version": "2.3.2",
            "resolved": "https://registry.npmjs.org/fsevents/-/fsevents-2.3.2.tgz",
            "integrity": "sha512-xiqMQR4xAeHTuB9uWm+fFRcIOgKBMiOBP+eXiyT7jsgVCq1bkVygt00oASowB7EdtpOHaaPgKt812P9ab+DDKA==",
            "dev": true,
            "optional": true
        },
        "typescript": {
            "version": "4.8.2",
            "resolved": "https://registry.npmjs.org/typescript/-/typescript-4.8.2.tgz",
            "integrity": "sha512-C0I1UsrrDHo2fYI5oaCGbSejwX4ch+9Y5jTQELvovfmFkK3HHSZJB8MSJcWLmCUBzQBchCrZ9rMRV6GuNrvGtw==",
            "dev": true
        }
    }
}
