{
    "name": "cdkworkshop.com",
    "version": "0.1.0",
    "lockfileVersion": 1,
    "requires": true,
    "dependencies": {
        "@types/node": {
            "version": "16.10.2",
            "resolved": "https://registry.npmjs.org/@types/node/-/node-16.10.2.tgz",
            "integrity": "sha512-zCclL4/rx+W5SQTzFs9wyvvyCwoK9QtBpratqz2IYJ3O8Umrn0m3nsTv0wQBk9sRGpvUe9CwPDrQFB10f1FIjQ==",
            "dev": true
        },
        "aws-cdk": {
            "version": "2.14.0",
            "resolved": "https://registry.npmjs.org/aws-cdk/-/aws-cdk-2.14.0.tgz",
            "integrity": "sha512-JtAojkiGohbUxQjEa9k0P4Dk4IdNDLbd7S9ValpuTjoJN51+8/E34i+jUd7Fsl7bmaS/gxLafJsbJjnlBLg5cg==",
            "dev": true,
            "requires": {
                "fsevents": "2.3.2"
            }
        },
        "aws-cdk-lib": {
            "version": "2.0.0",
            "resolved": "https://registry.npmjs.org/aws-cdk-lib/-/aws-cdk-lib-2.0.0.tgz",
            "integrity": "sha512-ETom3THcblmS3GSoS6rb2AGy7HZpcpoHvwNlxeVIVbmGOiKrrqjvECK2uOJtNboV/vDTHHjx/s/1SwptLo9dlg==",
            "requires": {
                "@balena/dockerignore": "^1.0.2",
                "case": "1.6.3",
                "fs-extra": "^9.1.0",
                "ignore": "^5.1.9",
                "jsonschema": "^1.4.0",
                "minimatch": "^3.0.4",
                "punycode": "^2.1.1",
                "semver": "^7.3.5",
                "yaml": "1.10.2"
            },
            "dependencies": {
                "@balena/dockerignore": {
                    "version": "1.0.2",
                    "bundled": true
                },
                "at-least-node": {
                    "version": "1.0.0",
                    "bundled": true
                },
                "balanced-match": {
                    "version": "1.0.2",
                    "bundled": true
                },
                "brace-expansion": {
                    "version": "1.1.11",
                    "bundled": true,
                    "requires": {
                        "balanced-match": "^1.0.0",
                        "concat-map": "0.0.1"
                    }
                },
                "case": {
                    "version": "1.6.3",
                    "bundled": true
                },
                "concat-map": {
                    "version": "0.0.1",
                    "bundled": true
                },
                "fs-extra": {
                    "version": "9.1.0",
                    "bundled": true,
                    "requires": {
                        "at-least-node": "^1.0.0",
                        "graceful-fs": "^4.2.0",
                        "jsonfile": "^6.0.1",
                        "universalify": "^2.0.0"
                    }
                },
                "graceful-fs": {
                    "version": "4.2.8",
                    "bundled": true
                },
                "ignore": {
                    "version": "5.1.9",
                    "bundled": true
                },
                "jsonfile": {
                    "version": "6.1.0",
                    "bundled": true,
                    "requires": {
                        "graceful-fs": "^4.1.6",
                        "universalify": "^2.0.0"
                    }
                },
                "jsonschema": {
                    "version": "1.4.0",
                    "bundled": true
                },
                "lru-cache": {
                    "version": "6.0.0",
                    "bundled": true,
                    "requires": {
                        "yallist": "^4.0.0"
                    }
                },
                "minimatch": {
                    "version": "3.0.4",
                    "bundled": true,
                    "requires": {
                        "brace-expansion": "^1.1.7"
                    }
                },
                "punycode": {
                    "version": "2.1.1",
                    "bundled": true
                },
                "semver": {
                    "version": "7.3.5",
                    "bundled": true,
                    "requires": {
                        "lru-cache": "^6.0.0"
                    }
                },
                "universalify": {
                    "version": "2.0.0",
                    "bundled": true
                },
                "yallist": {
                    "version": "4.0.0",
                    "bundled": true
                },
                "yaml": {
                    "version": "1.10.2",
                    "bundled": true
                }
            }
        },
        "constructs": {
            "version": "10.0.9",
            "resolved": "https://registry.npmjs.org/constructs/-/constructs-10.0.9.tgz",
            "integrity": "sha512-C9la/fcnCKe3XIjKPbWuD49mnOYqSWdiMI6TNJmF0ao3pJw6Hap03Q4nsmCxpWMXuMzM546Kw/WnW7ElB3g4OA=="
        },
        "fsevents": {
            "version": "2.3.2",
            "resolved": "https://registry.npmjs.org/fsevents/-/fsevents-2.3.2.tgz",
            "integrity": "sha512-xiqMQR4xAeHTuB9uWm+fFRcIOgKBMiOBP+eXiyT7jsgVCq1bkVygt00oASowB7EdtpOHaaPgKt812P9ab+DDKA==",
            "dev": true,
            "optional": true
        },
        "typescript": {
            "version": "4.4.3",
            "resolved": "https://registry.npmjs.org/typescript/-/typescript-4.4.3.tgz",
            "integrity": "sha512-4xfscpisVgqqDfPaJo5vkd+Qd/ItkoagnHpufr+i2QCHBsNYp+G7UAoyFl8aPtx879u38wPV65rZ8qbGZijalA==",
            "dev": true
        }
    }
}
